
Microsoft Visual Studio Solution File, Format Version 12.00
# Visual Studio 15
Project("{FAE04EC0-301F-11D3-BF4B-00C04F79EFBC}") = "Assembly-CSharp", "Assembly-CSharp.csproj", "{203FA0EB-3D74-E34C-67D9-BE057E7C0D42}"
EndProject
Global
	GlobalSection(SolutionConfigurationPlatforms) = preSolution
		Debug|Any CPU = Debug|Any CPU
		Release|Any CPU = Release|Any CPU
	EndGlobalSection
	GlobalSection(ProjectConfigurationPlatforms) = postSolution
		{203FA0EB-3D74-E34C-67D9-BE057E7C0D42}.Debug|Any CPU.ActiveCfg = Debug|Any CPU
		{203FA0EB-3D74-E34C-67D9-BE057E7C0D42}.Debug|Any CPU.Build.0 = Debug|Any CPU
		{203FA0EB-3D74-E34C-67D9-BE057E7C0D42}.Release|Any CPU.ActiveCfg = Release|Any CPU
		{203FA0EB-3D74-E34C-67D9-BE057E7C0D42}.Release|Any CPU.Build.0 = Release|Any CPU
	EndGlobalSection
	GlobalSection(SolutionProperties) = preSolution
		HideSolutionNode = FALSE
	EndGlobalSection
EndGlobal
